
Microsoft Visual Studio Solution File, Format Version 12.00
# Visual Studio Version 17
VisualStudioVersion = 17.0.31919.166
MinimumVisualStudioVersion = 10.0.40219.1
Project("{FAE04EC0-301F-11D3-BF4B-00C04F79EFBC}") = "StorageGeneration", "StorageGeneration.csproj", "{FBE591B4-40E9-48EC-9E93-DBD955DE4ED1}"
EndProject
Global
	GlobalSection(SolutionConfigurationPlatforms) = preSolution
		Debug|Any CPU = Debug|Any CPU
		Release|Any CPU = Release|Any CPU
	EndGlobalSection
	GlobalSection(ProjectConfigurationPlatforms) = postSolution
		{FBE591B4-40E9-48EC-9E93-DBD955DE4ED1}.Debug|Any CPU.ActiveCfg = Debug|Any CPU
		{FBE591B4-40E9-48EC-9E93-DBD955DE4ED1}.Debug|Any CPU.Build.0 = Debug|Any CPU
		{FBE591B4-40E9-48EC-9E93-DBD955DE4ED1}.Release|Any CPU.ActiveCfg = Release|Any CPU
		{FBE591B4-40E9-48EC-9E93-DBD955DE4ED1}.Release|Any CPU.Build.0 = Release|Any CPU
	EndGlobalSection
	GlobalSection(SolutionProperties) = preSolution
		HideSolutionNode = FALSE
	EndGlobalSection
	GlobalSection(ExtensibilityGlobals) = postSolution
		SolutionGuid = {CCCACC60-4555-4362-BA00-D18EAF383AF6}
	EndGlobalSection
EndGlobal
